{
  "name": "huerto-tracker",
  "lockfileVersion": 3,
  "requires": true,
  "packages": {
    "": {
      "dependencies": {
        "expo-print": "^55.0.14"
      }
    },
    "node_modules/expo-print": {
      "version": "55.0.14",
      "resolved": "https://registry.npmjs.org/expo-print/-/expo-print-55.0.14.tgz",
      "integrity": "sha512-GNznEjRHUjJj3GRRElHff3t2xtarO1zakEBdlxuYBoY0G/Ae59XaBQdlpzTjhceAdASlqsrnugHlQz6bsZRDnw==",
      "license": "MIT",
      "peerDependencies": {
        "expo": "*",
        "react-native": "*"
      }
    }
  }
}
